{
  "name": "termigrator-cli",
  "version": "0.1.0",
  "dependencies": {
    "bluebird": {
      "version": "3.4.7",
      "from": "bluebird@>=3.4.1 <4.0.0",
      "resolved": "https://registry.npmjs.org/bluebird/-/bluebird-3.4.7.tgz"
    },
    "colors": {
      "version": "1.1.2",
      "from": "colors@latest",
      "resolved": "https://registry.npmjs.org/colors/-/colors-1.1.2.tgz"
    },
    "commander": {
      "version": "2.9.0",
      "from": "commander@latest",
      "resolved": "https://registry.npmjs.org/commander/-/commander-2.9.0.tgz"
    },
    "graceful-readlink": {
      "version": "1.0.1",
      "from": "graceful-readlink@>=1.0.0",
      "resolved": "https://registry.npmjs.org/graceful-readlink/-/graceful-readlink-1.0.1.tgz"
    },
    "mute-stream": {
      "version": "0.0.5",
      "from": "mute-stream@0.0.5",
      "resolved": "https://registry.npmjs.org/mute-stream/-/mute-stream-0.0.5.tgz"
    },
    "promptly": {
      "version": "2.1.0",
      "from": "promptly@latest",
      "resolved": "https://registry.npmjs.org/promptly/-/promptly-2.1.0.tgz"
    },
    "read": {
      "version": "1.0.7",
      "from": "read@>=1.0.4 <2.0.0",
      "resolved": "https://registry.npmjs.org/read/-/read-1.0.7.tgz"
    },
    "retry": {
      "version": "0.10.1",
      "from": "retry@>=0.10.0 <0.11.0",
      "resolved": "https://registry.npmjs.org/retry/-/retry-0.10.1.tgz"
    },
    "source-map": {
      "version": "0.5.6",
      "from": "source-map@>=0.5.3 <0.6.0",
      "resolved": "https://registry.npmjs.org/source-map/-/source-map-0.5.6.tgz"
    },
    "source-map-support": {
      "version": "0.4.8",
      "from": "source-map-support@>=0.4.8 <0.5.0",
      "resolved": "https://registry.npmjs.org/source-map-support/-/source-map-support-0.4.8.tgz"
    }
  }
}
